// !$*UTF8*$!
{
	archiveVersion = 1;
	classes = {
	};
	objectVersion = 46;
	objects = {

/* Begin PBXBuildFile section */
		33AE08451B26DA81005A4A23 /* AppDelegate.swift in Sources */ = {isa = PBXBuildFile; fileRef = 33AE08441B26DA81005A4A23 /* AppDelegate.swift */; };
		33AE08481B26DA81005A4A23 /* member_sCal.xcdatamodeld in Sources */ = {isa = PBXBuildFile; fileRef = 33AE08461B26DA81005A4A23 /* member_sCal.xcdatamodeld */; };
		33AE084D1B26DA81005A4A23 /* Main.storyboard in Resources */ = {isa = PBXBuildFile; fileRef = 33AE084B1B26DA81005A4A23 /* Main.storyboard */; };
		33AE084F1B26DA81005A4A23 /* Images.xcassets in Resources */ = {isa = PBXBuildFile; fileRef = 33AE084E1B26DA81005A4A23 /* Images.xcassets */; };
		33AE08521B26DA82005A4A23 /* LaunchScreen.xib in Resources */ = {isa = PBXBuildFile; fileRef = 33AE08501B26DA82005A4A23 /* LaunchScreen.xib */; };
		33AE085E1B26DA82005A4A23 /* member_sCalTests.swift in Sources */ = {isa = PBXBuildFile; fileRef = 33AE085D1B26DA82005A4A23 /* member_sCalTests.swift */; };
		33D942F81B2D9D7A009D0E95 /* GenbaCell.xib in Resources */ = {isa = PBXBuildFile; fileRef = 33D942F61B2D9D7A009D0E95 /* GenbaCell.xib */; };
		33D942FB1B2DAFBF009D0E95 /* GenbaViewController.swift in Sources */ = {isa = PBXBuildFile; fileRef = 33D942F91B2DAFBF009D0E95 /* GenbaViewController.swift */; };
		33D942FC1B2DAFBF009D0E95 /* GenbaViewController.xib in Resources */ = {isa = PBXBuildFile; fileRef = 33D942FA1B2DAFBF009D0E95 /* GenbaViewController.xib */; };
		33D943001B2DB023009D0E95 /* memberCenter.xib in Resources */ = {isa = PBXBuildFile; fileRef = 33D942FE1B2DB023009D0E95 /* memberCenter.xib */; };
		5F2331971CC8F6890069FA94 /* CalViewBeansCollectionCell.swift in Sources */ = {isa = PBXBuildFile; fileRef = 5F2331961CC8F6890069FA94 /* CalViewBeansCollectionCell.swift */; };
		5F2331991CC8FE670069FA94 /* CalViewBeansInTableViewToCell.swift in Sources */ = {isa = PBXBuildFile; fileRef = 5F2331981CC8FE670069FA94 /* CalViewBeansInTableViewToCell.swift */; };
		5F23319B1CCB0ECF0069FA94 /* DayAndTimeCompare.swift in Sources */ = {isa = PBXBuildFile; fileRef = 5F23319A1CCB0ECF0069FA94 /* DayAndTimeCompare.swift */; };
		5F7847A11CC35ABC00881634 /* plusButton.png in Resources */ = {isa = PBXBuildFile; fileRef = 5F7847A01CC35ABC00881634 /* plusButton.png */; };
		5F7847A31CC3927500881634 /* GenbaMakeViewController.swift in Sources */ = {isa = PBXBuildFile; fileRef = 5F7847A21CC3927500881634 /* GenbaMakeViewController.swift */; };
		5F81060F1CC4ED9200E09331 /* BeansEditTableView.swift in Sources */ = {isa = PBXBuildFile; fileRef = 5F81060E1CC4ED9200E09331 /* BeansEditTableView.swift */; };
		5F8106111CC4F11800E09331 /* BeansTableViewCell.swift in Sources */ = {isa = PBXBuildFile; fileRef = 5F8106101CC4F11800E09331 /* BeansTableViewCell.swift */; };
		5F8106131CC5EDB900E09331 /* BeansEditDetail.swift in Sources */ = {isa = PBXBuildFile; fileRef = 5F8106121CC5EDB900E09331 /* BeansEditDetail.swift */; };
		5FCA8CDE1CA7E50B007210D2 /* SelectMemberCell.swift in Sources */ = {isa = PBXBuildFile; fileRef = 5FCA8CDD1CA7E50B007210D2 /* SelectMemberCell.swift */; };
		5FCA8CE21CA7E834007210D2 /* TodayMemberCell.swift in Sources */ = {isa = PBXBuildFile; fileRef = 5FCA8CE11CA7E834007210D2 /* TodayMemberCell.swift */; };
		5FCA8CE41CAB48CF007210D2 /* 2.png in Resources */ = {isa = PBXBuildFile; fileRef = 5FCA8CE31CAB48CF007210D2 /* 2.png */; };
		5FCA8CE81CAB5D7B007210D2 /* 3.png in Resources */ = {isa = PBXBuildFile; fileRef = 5FCA8CE71CAB5D7B007210D2 /* 3.png */; };
		5FCD876D1C9B7F3700988714 /* MemberPlus.swift in Sources */ = {isa = PBXBuildFile; fileRef = 5FCD876C1C9B7F3700988714 /* MemberPlus.swift */; };
		5FDB518B1CB5371500B1B56F /* chack.png in Resources */ = {isa = PBXBuildFile; fileRef = 5FDB518A1CB5371500B1B56F /* chack.png */; };
		5FE176BE1CC8406400ACE921 /* non.png in Resources */ = {isa = PBXBuildFile; fileRef = 5FE176BD1CC8406400ACE921 /* non.png */; };
		5FE34C4C1C9C417600927B03 /* beansCell.swift in Sources */ = {isa = PBXBuildFile; fileRef = 5FE34C4B1C9C417600927B03 /* beansCell.swift */; };
		5FE34C4E1C9C43A800927B03 /* 1.png in Resources */ = {isa = PBXBuildFile; fileRef = 5FE34C4D1C9C43A800927B03 /* 1.png */; };
		5FF65AF51C9E50110039FDF4 /* dayCell.swift in Sources */ = {isa = PBXBuildFile; fileRef = 5FF65AF41C9E50110039FDF4 /* dayCell.swift */; };
		5FF65B311C9E80C90039FDF4 /* CalViewController.swift in Sources */ = {isa = PBXBuildFile; fileRef = 5FF65B301C9E80C90039FDF4 /* CalViewController.swift */; };
		5FF65B6D1C9ED95D0039FDF4 /* WorkTableViewCell.swift in Sources */ = {isa = PBXBuildFile; fileRef = 5FF65B6C1C9ED95D0039FDF4 /* WorkTableViewCell.swift */; };
		EC03A0311CA80922000C3966 /* CVAuxiliaryView.swift in Sources */ = {isa = PBXBuildFile; fileRef = EC03A0161CA80922000C3966 /* CVAuxiliaryView.swift */; };
		EC03A0321CA80922000C3966 /* CVCalendarContentViewController.swift in Sources */ = {isa = PBXBuildFile; fileRef = EC03A0171CA80922000C3966 /* CVCalendarContentViewController.swift */; };
		EC03A0331CA80922000C3966 /* CVCalendarDayView.swift in Sources */ = {isa = PBXBuildFile; fileRef = EC03A0181CA80922000C3966 /* CVCalendarDayView.swift */; };
		EC03A0341CA80922000C3966 /* CVCalendarDayViewControlCoordinator.swift in Sources */ = {isa = PBXBuildFile; fileRef = EC03A0191CA80922000C3966 /* CVCalendarDayViewControlCoordinator.swift */; };
		EC03A0351CA80922000C3966 /* CVCalendarManager.swift in Sources */ = {isa = PBXBuildFile; fileRef = EC03A01A1CA80922000C3966 /* CVCalendarManager.swift */; };
		EC03A0361CA80922000C3966 /* CVCalendarMenuView.swift in Sources */ = {isa = PBXBuildFile; fileRef = EC03A01B1CA80922000C3966 /* CVCalendarMenuView.swift */; };
		EC03A0371CA80922000C3966 /* CVCalendarMenuViewDelegate.swift in Sources */ = {isa = PBXBuildFile; fileRef = EC03A01C1CA80922000C3966 /* CVCalendarMenuViewDelegate.swift */; };
		EC03A0381CA80922000C3966 /* CVCalendarMonthContentViewController.swift in Sources */ = {isa = PBXBuildFile; fileRef = EC03A01D1CA80922000C3966 /* CVCalendarMonthContentViewController.swift */; };
		EC03A0391CA80922000C3966 /* CVCalendarMonthView.swift in Sources */ = {isa = PBXBuildFile; fileRef = EC03A01E1CA80922000C3966 /* CVCalendarMonthView.swift */; };
		EC03A03A1CA80922000C3966 /* CVCalendarTouchController.swift in Sources */ = {isa = PBXBuildFile; fileRef = EC03A01F1CA80922000C3966 /* CVCalendarTouchController.swift */; };
		EC03A03B1CA80922000C3966 /* CVCalendarView.swift in Sources */ = {isa = PBXBuildFile; fileRef = EC03A0201CA80922000C3966 /* CVCalendarView.swift */; };
		EC03A03C1CA80922000C3966 /* CVCalendarViewAnimator.swift in Sources */ = {isa = PBXBuildFile; fileRef = EC03A0211CA80922000C3966 /* CVCalendarViewAnimator.swift */; };
		EC03A03D1CA80922000C3966 /* CVCalendarViewAnimatorDelegate.swift in Sources */ = {isa = PBXBuildFile; fileRef = EC03A0221CA80922000C3966 /* CVCalendarViewAnimatorDelegate.swift */; };
		EC03A03E1CA80922000C3966 /* CVCalendarViewAppearance.swift in Sources */ = {isa = PBXBuildFile; fileRef = EC03A0231CA80922000C3966 /* CVCalendarViewAppearance.swift */; };
		EC03A03F1CA80922000C3966 /* CVCalendarViewAppearanceDelegate.swift in Sources */ = {isa = PBXBuildFile; fileRef = EC03A0241CA80922000C3966 /* CVCalendarViewAppearanceDelegate.swift */; };
		EC03A0401CA80922000C3966 /* CVCalendarViewDelegate.swift in Sources */ = {isa = PBXBuildFile; fileRef = EC03A0251CA80922000C3966 /* CVCalendarViewDelegate.swift */; };
		EC03A0411CA80922000C3966 /* CVCalendarViewPresentationMode.swift in Sources */ = {isa = PBXBuildFile; fileRef = EC03A0261CA80922000C3966 /* CVCalendarViewPresentationMode.swift */; };
		EC03A0421CA80922000C3966 /* CVCalendarWeekContentViewController.swift in Sources */ = {isa = PBXBuildFile; fileRef = EC03A0271CA80922000C3966 /* CVCalendarWeekContentViewController.swift */; };
		EC03A0431CA80922000C3966 /* CVCalendarWeekday.swift in Sources */ = {isa = PBXBuildFile; fileRef = EC03A0281CA80922000C3966 /* CVCalendarWeekday.swift */; };
		EC03A0441CA80922000C3966 /* CVCalendarWeekView.swift in Sources */ = {isa = PBXBuildFile; fileRef = EC03A0291CA80922000C3966 /* CVCalendarWeekView.swift */; };
		EC03A0451CA80922000C3966 /* CVDate.swift in Sources */ = {isa = PBXBuildFile; fileRef = EC03A02A1CA80922000C3966 /* CVDate.swift */; };
		EC03A0461CA80922000C3966 /* CVRange.swift in Sources */ = {isa = PBXBuildFile; fileRef = EC03A02B1CA80922000C3966 /* CVRange.swift */; };
		EC03A0471CA80922000C3966 /* CVScrollDirection.swift in Sources */ = {isa = PBXBuildFile; fileRef = EC03A02C1CA80922000C3966 /* CVScrollDirection.swift */; };
		EC03A0481CA80922000C3966 /* CVSelectionType.swift in Sources */ = {isa = PBXBuildFile; fileRef = EC03A02D1CA80922000C3966 /* CVSelectionType.swift */; };
		EC03A0491CA80922000C3966 /* CVSet.swift in Sources */ = {isa = PBXBuildFile; fileRef = EC03A02E1CA80922000C3966 /* CVSet.swift */; };
		EC03A04A1CA80922000C3966 /* CVShape.swift in Sources */ = {isa = PBXBuildFile; fileRef = EC03A02F1CA80922000C3966 /* CVShape.swift */; };
		EC03A04B1CA80922000C3966 /* CVWeekdaySymbolType.swift in Sources */ = {isa = PBXBuildFile; fileRef = EC03A0301CA80922000C3966 /* CVWeekdaySymbolType.swift */; };
		ECA739DF1CC53DC600B40154 /* UIColor+Ext.swift in Sources */ = {isa = PBXBuildFile; fileRef = ECA739DD1CC53DC600B40154 /* UIColor+Ext.swift */; };
		ECA739E01CC53DC600B40154 /* UIDatePickerCustom.swift in Sources */ = {isa = PBXBuildFile; fileRef = ECA739DE1CC53DC600B40154 /* UIDatePickerCustom.swift */; };
		ECA739E21CC53E3800B40154 /* Array+Ext.swift in Sources */ = {isa = PBXBuildFile; fileRef = ECA739E11CC53E3800B40154 /* Array+Ext.swift */; };
/* End PBXBuildFile section */

/* Begin PBXContainerItemProxy section */
		33AE08581B26DA82005A4A23 /* PBXContainerItemProxy */ = {
			isa = PBXContainerItemProxy;
			containerPortal = 33AE08371B26DA81005A4A23 /* Project object */;
			proxyType = 1;
			remoteGlobalIDString = 33AE083E1B26DA81005A4A23;
			remoteInfo = "member'sCal";
		};
/* End PBXContainerItemProxy section */

/* Begin PBXFileReference section */
		33AE083F1B26DA81005A4A23 /* member'sCal.app */ = {isa = PBXFileReference; explicitFileType = wrapper.application; includeInIndex = 0; path = "member'sCal.app"; sourceTree = BUILT_PRODUCTS_DIR; };
		33AE08431B26DA81005A4A23 /* Info.plist */ = {isa = PBXFileReference; lastKnownFileType = text.plist.xml; path = Info.plist; sourceTree = "<group>"; };
		33AE08441B26DA81005A4A23 /* AppDelegate.swift */ = {isa = PBXFileReference; lastKnownFileType = sourcecode.swift; path = AppDelegate.swift; sourceTree = "<group>"; };
		33AE08471B26DA81005A4A23 /* member_sCal.xcdatamodel */ = {isa = PBXFileReference; lastKnownFileType = wrapper.xcdatamodel; path = member_sCal.xcdatamodel; sourceTree = "<group>"; };
		33AE084C1B26DA81005A4A23 /* Base */ = {isa = PBXFileReference; lastKnownFileType = file.storyboard; name = Base; path = Base.lproj/Main.storyboard; sourceTree = "<group>"; };
		33AE084E1B26DA81005A4A23 /* Images.xcassets */ = {isa = PBXFileReference; lastKnownFileType = folder.assetcatalog; path = Images.xcassets; sourceTree = "<group>"; };
		33AE08511B26DA82005A4A23 /* Base */ = {isa = PBXFileReference; lastKnownFileType = file.xib; name = Base; path = Base.lproj/LaunchScreen.xib; sourceTree = "<group>"; };
		33AE08571B26DA82005A4A23 /* member'sCalTests.xctest */ = {isa = PBXFileReference; explicitFileType = wrapper.cfbundle; includeInIndex = 0; path = "member'sCalTests.xctest"; sourceTree = BUILT_PRODUCTS_DIR; };
		33AE085C1B26DA82005A4A23 /* Info.plist */ = {isa = PBXFileReference; lastKnownFileType = text.plist.xml; path = Info.plist; sourceTree = "<group>"; };
		33AE085D1B26DA82005A4A23 /* member_sCalTests.swift */ = {isa = PBXFileReference; lastKnownFileType = sourcecode.swift; path = member_sCalTests.swift; sourceTree = "<group>"; };
		33D942F61B2D9D7A009D0E95 /* GenbaCell.xib */ = {isa = PBXFileReference; fileEncoding = 4; lastKnownFileType = file.xib; path = GenbaCell.xib; sourceTree = "<group>"; };
		33D942F91B2DAFBF009D0E95 /* GenbaViewController.swift */ = {isa = PBXFileReference; fileEncoding = 4; lastKnownFileType = sourcecode.swift; path = GenbaViewController.swift; sourceTree = "<group>"; };
		33D942FA1B2DAFBF009D0E95 /* GenbaViewController.xib */ = {isa = PBXFileReference; fileEncoding = 4; lastKnownFileType = file.xib; path = GenbaViewController.xib; sourceTree = "<group>"; };
		33D942FE1B2DB023009D0E95 /* memberCenter.xib */ = {isa = PBXFileReference; fileEncoding = 4; lastKnownFileType = file.xib; path = memberCenter.xib; sourceTree = "<group>"; };
		5F2331961CC8F6890069FA94 /* CalViewBeansCollectionCell.swift */ = {isa = PBXFileReference; fileEncoding = 4; lastKnownFileType = sourcecode.swift; path = CalViewBeansCollectionCell.swift; sourceTree = "<group>"; };
		5F2331981CC8FE670069FA94 /* CalViewBeansInTableViewToCell.swift */ = {isa = PBXFileReference; fileEncoding = 4; lastKnownFileType = sourcecode.swift; path = CalViewBeansInTableViewToCell.swift; sourceTree = "<group>"; };
		5F23319A1CCB0ECF0069FA94 /* DayAndTimeCompare.swift */ = {isa = PBXFileReference; fileEncoding = 4; lastKnownFileType = sourcecode.swift; path = DayAndTimeCompare.swift; sourceTree = "<group>"; };
		5F7847A01CC35ABC00881634 /* plusButton.png */ = {isa = PBXFileReference; lastKnownFileType = image.png; path = plusButton.png; sourceTree = "<group>"; };
		5F7847A21CC3927500881634 /* GenbaMakeViewController.swift */ = {isa = PBXFileReference; fileEncoding = 4; lastKnownFileType = sourcecode.swift; path = GenbaMakeViewController.swift; sourceTree = "<group>"; };
		5F81060E1CC4ED9200E09331 /* BeansEditTableView.swift */ = {isa = PBXFileReference; fileEncoding = 4; lastKnownFileType = sourcecode.swift; path = BeansEditTableView.swift; sourceTree = "<group>"; };
		5F8106101CC4F11800E09331 /* BeansTableViewCell.swift */ = {isa = PBXFileReference; fileEncoding = 4; lastKnownFileType = sourcecode.swift; path = BeansTableViewCell.swift; sourceTree = "<group>"; };
		5F8106121CC5EDB900E09331 /* BeansEditDetail.swift */ = {isa = PBXFileReference; fileEncoding = 4; lastKnownFileType = sourcecode.swift; path = BeansEditDetail.swift; sourceTree = "<group>"; };
		5FCA8CDD1CA7E50B007210D2 /* SelectMemberCell.swift */ = {isa = PBXFileReference; fileEncoding = 4; lastKnownFileType = sourcecode.swift; path = SelectMemberCell.swift; sourceTree = "<group>"; };
		5FCA8CE11CA7E834007210D2 /* TodayMemberCell.swift */ = {isa = PBXFileReference; fileEncoding = 4; lastKnownFileType = sourcecode.swift; path = TodayMemberCell.swift; sourceTree = "<group>"; };
		5FCA8CE31CAB48CF007210D2 /* 2.png */ = {isa = PBXFileReference; lastKnownFileType = image.png; path = 2.png; sourceTree = "<group>"; };
		5FCA8CE71CAB5D7B007210D2 /* 3.png */ = {isa = PBXFileReference; lastKnownFileType = image.png; path = 3.png; sourceTree = "<group>"; };
		5FCD876C1C9B7F3700988714 /* MemberPlus.swift */ = {isa = PBXFileReference; fileEncoding = 4; lastKnownFileType = sourcecode.swift; path = MemberPlus.swift; sourceTree = "<group>"; };
		5FDB518A1CB5371500B1B56F /* chack.png */ = {isa = PBXFileReference; lastKnownFileType = image.png; path = chack.png; sourceTree = "<group>"; };
		5FE176BD1CC8406400ACE921 /* non.png */ = {isa = PBXFileReference; lastKnownFileType = image.png; path = non.png; sourceTree = "<group>"; };
		5FE34C4B1C9C417600927B03 /* beansCell.swift */ = {isa = PBXFileReference; fileEncoding = 4; lastKnownFileType = sourcecode.swift; path = beansCell.swift; sourceTree = "<group>"; };
		5FE34C4D1C9C43A800927B03 /* 1.png */ = {isa = PBXFileReference; lastKnownFileType = image.png; path = 1.png; sourceTree = "<group>"; };
		5FF65AF41C9E50110039FDF4 /* dayCell.swift */ = {isa = PBXFileReference; fileEncoding = 4; lastKnownFileType = sourcecode.swift; path = dayCell.swift; sourceTree = "<group>"; };
		5FF65B301C9E80C90039FDF4 /* CalViewController.swift */ = {isa = PBXFileReference; fileEncoding = 4; lastKnownFileType = sourcecode.swift; path = CalViewController.swift; sourceTree = "<group>"; };
		5FF65B6C1C9ED95D0039FDF4 /* WorkTableViewCell.swift */ = {isa = PBXFileReference; fileEncoding = 4; lastKnownFileType = sourcecode.swift; path = WorkTableViewCell.swift; sourceTree = "<group>"; };
		EC03A0161CA80922000C3966 /* CVAuxiliaryView.swift */ = {isa = PBXFileReference; fileEncoding = 4; lastKnownFileType = sourcecode.swift; name = CVAuxiliaryView.swift; path = CVCalendar/CVAuxiliaryView.swift; sourceTree = "<group>"; };
		EC03A0171CA80922000C3966 /* CVCalendarContentViewController.swift */ = {isa = PBXFileReference; fileEncoding = 4; lastKnownFileType = sourcecode.swift; name = CVCalendarContentViewController.swift; path = CVCalendar/CVCalendarContentViewController.swift; sourceTree = "<group>"; };
		EC03A0181CA80922000C3966 /* CVCalendarDayView.swift */ = {isa = PBXFileReference; fileEncoding = 4; lastKnownFileType = sourcecode.swift; name = CVCalendarDayView.swift; path = CVCalendar/CVCalendarDayView.swift; sourceTree = "<group>"; };
		EC03A0191CA80922000C3966 /* CVCalendarDayViewControlCoordinator.swift */ = {isa = PBXFileReference; fileEncoding = 4; lastKnownFileType = sourcecode.swift; name = CVCalendarDayViewControlCoordinator.swift; path = CVCalendar/CVCalendarDayViewControlCoordinator.swift; sourceTree = "<group>"; };
		EC03A01A1CA80922000C3966 /* CVCalendarManager.swift */ = {isa = PBXFileReference; fileEncoding = 4; lastKnownFileType = sourcecode.swift; name = CVCalendarManager.swift; path = CVCalendar/CVCalendarManager.swift; sourceTree = "<group>"; };
		EC03A01B1CA80922000C3966 /* CVCalendarMenuView.swift */ = {isa = PBXFileReference; fileEncoding = 4; lastKnownFileType = sourcecode.swift; name = CVCalendarMenuView.swift; path = CVCalendar/CVCalendarMenuView.swift; sourceTree = "<group>"; };
		EC03A01C1CA80922000C3966 /* CVCalendarMenuViewDelegate.swift */ = {isa = PBXFileReference; fileEncoding = 4; lastKnownFileType = sourcecode.swift; name = CVCalendarMenuViewDelegate.swift; path = CVCalendar/CVCalendarMenuViewDelegate.swift; sourceTree = "<group>"; };
		EC03A01D1CA80922000C3966 /* CVCalendarMonthContentViewController.swift */ = {isa = PBXFileReference; fileEncoding = 4; lastKnownFileType = sourcecode.swift; name = CVCalendarMonthContentViewController.swift; path = CVCalendar/CVCalendarMonthContentViewController.swift; sourceTree = "<group>"; };
		EC03A01E1CA80922000C3966 /* CVCalendarMonthView.swift */ = {isa = PBXFileReference; fileEncoding = 4; lastKnownFileType = sourcecode.swift; name = CVCalendarMonthView.swift; path = CVCalendar/CVCalendarMonthView.swift; sourceTree = "<group>"; };
		EC03A01F1CA80922000C3966 /* CVCalendarTouchController.swift */ = {isa = PBXFileReference; fileEncoding = 4; lastKnownFileType = sourcecode.swift; name = CVCalendarTouchController.swift; path = CVCalendar/CVCalendarTouchController.swift; sourceTree = "<group>"; };
		EC03A0201CA80922000C3966 /* CVCalendarView.swift */ = {isa = PBXFileReference; fileEncoding = 4; lastKnownFileType = sourcecode.swift; name = CVCalendarView.swift; path = CVCalendar/CVCalendarView.swift; sourceTree = "<group>"; };
		EC03A0211CA80922000C3966 /* CVCalendarViewAnimator.swift */ = {isa = PBXFileReference; fileEncoding = 4; lastKnownFileType = sourcecode.swift; name = CVCalendarViewAnimator.swift; path = CVCalendar/CVCalendarViewAnimator.swift; sourceTree = "<group>"; };
		EC03A0221CA80922000C3966 /* CVCalendarViewAnimatorDelegate.swift */ = {isa = PBXFileReference; fileEncoding = 4; lastKnownFileType = sourcecode.swift; name = CVCalendarViewAnimatorDelegate.swift; path = CVCalendar/CVCalendarViewAnimatorDelegate.swift; sourceTree = "<group>"; };
		EC03A0231CA80922000C3966 /* CVCalendarViewAppearance.swift */ = {isa = PBXFileReference; fileEncoding = 4; lastKnownFileType = sourcecode.swift; name = CVCalendarViewAppearance.swift; path = CVCalendar/CVCalendarViewAppearance.swift; sourceTree = "<group>"; };
		EC03A0241CA80922000C3966 /* CVCalendarViewAppearanceDelegate.swift */ = {isa = PBXFileReference; fileEncoding = 4; lastKnownFileType = sourcecode.swift; name = CVCalendarViewAppearanceDelegate.swift; path = CVCalendar/CVCalendarViewAppearanceDelegate.swift; sourceTree = "<group>"; };
		EC03A0251CA80922000C3966 /* CVCalendarViewDelegate.swift */ = {isa = PBXFileReference; fileEncoding = 4; lastKnownFileType = sourcecode.swift; name = CVCalendarViewDelegate.swift; path = CVCalendar/CVCalendarViewDelegate.swift; sourceTree = "<group>"; };
		EC03A0261CA80922000C3966 /* CVCalendarViewPresentationMode.swift */ = {isa = PBXFileReference; fileEncoding = 4; lastKnownFileType = sourcecode.swift; name = CVCalendarViewPresentationMode.swift; path = CVCalendar/CVCalendarViewPresentationMode.swift; sourceTree = "<group>"; };
		EC03A0271CA80922000C3966 /* CVCalendarWeekContentViewController.swift */ = {isa = PBXFileReference; fileEncoding = 4; lastKnownFileType = sourcecode.swift; name = CVCalendarWeekContentViewController.swift; path = CVCalendar/CVCalendarWeekContentViewController.swift; sourceTree = "<group>"; };
		EC03A0281CA80922000C3966 /* CVCalendarWeekday.swift */ = {isa = PBXFileReference; fileEncoding = 4; lastKnownFileType = sourcecode.swift; name = CVCalendarWeekday.swift; path = CVCalendar/CVCalendarWeekday.swift; sourceTree = "<group>"; };
		EC03A0291CA80922000C3966 /* CVCalendarWeekView.swift */ = {isa = PBXFileReference; fileEncoding = 4; lastKnownFileType = sourcecode.swift; name = CVCalendarWeekView.swift; path = CVCalendar/CVCalendarWeekView.swift; sourceTree = "<group>"; };
		EC03A02A1CA80922000C3966 /* CVDate.swift */ = {isa = PBXFileReference; fileEncoding = 4; lastKnownFileType = sourcecode.swift; name = CVDate.swift; path = CVCalendar/CVDate.swift; sourceTree = "<group>"; };
		EC03A02B1CA80922000C3966 /* CVRange.swift */ = {isa = PBXFileReference; fileEncoding = 4; lastKnownFileType = sourcecode.swift; name = CVRange.swift; path = CVCalendar/CVRange.swift; sourceTree = "<group>"; };
		EC03A02C1CA80922000C3966 /* CVScrollDirection.swift */ = {isa = PBXFileReference; fileEncoding = 4; lastKnownFileType = sourcecode.swift; name = CVScrollDirection.swift; path = CVCalendar/CVScrollDirection.swift; sourceTree = "<group>"; };
		EC03A02D1CA80922000C3966 /* CVSelectionType.swift */ = {isa = PBXFileReference; fileEncoding = 4; lastKnownFileType = sourcecode.swift; name = CVSelectionType.swift; path = CVCalendar/CVSelectionType.swift; sourceTree = "<group>"; };
		EC03A02E1CA80922000C3966 /* CVSet.swift */ = {isa = PBXFileReference; fileEncoding = 4; lastKnownFileType = sourcecode.swift; name = CVSet.swift; path = CVCalendar/CVSet.swift; sourceTree = "<group>"; };
		EC03A02F1CA80922000C3966 /* CVShape.swift */ = {isa = PBXFileReference; fileEncoding = 4; lastKnownFileType = sourcecode.swift; name = CVShape.swift; path = CVCalendar/CVShape.swift; sourceTree = "<group>"; };
		EC03A0301CA80922000C3966 /* CVWeekdaySymbolType.swift */ = {isa = PBXFileReference; fileEncoding = 4; lastKnownFileType = sourcecode.swift; name = CVWeekdaySymbolType.swift; path = CVCalendar/CVWeekdaySymbolType.swift; sourceTree = "<group>"; };
		ECA739DD1CC53DC600B40154 /* UIColor+Ext.swift */ = {isa = PBXFileReference; fileEncoding = 4; lastKnownFileType = sourcecode.swift; path = "UIColor+Ext.swift"; sourceTree = "<group>"; };
		ECA739DE1CC53DC600B40154 /* UIDatePickerCustom.swift */ = {isa = PBXFileReference; fileEncoding = 4; lastKnownFileType = sourcecode.swift; path = UIDatePickerCustom.swift; sourceTree = "<group>"; };
		ECA739E11CC53E3800B40154 /* Array+Ext.swift */ = {isa = PBXFileReference; fileEncoding = 4; lastKnownFileType = sourcecode.swift; path = "Array+Ext.swift"; sourceTree = "<group>"; };
/* End PBXFileReference section */

/* Begin PBXFrameworksBuildPhase section */
		33AE083C1B26DA81005A4A23 /* Frameworks */ = {
			isa = PBXFrameworksBuildPhase;
			buildActionMask = 2147483647;
			files = (
			);
			runOnlyForDeploymentPostprocessing = 0;
		};
		33AE08541B26DA82005A4A23 /* Frameworks */ = {
			isa = PBXFrameworksBuildPhase;
			buildActionMask = 2147483647;
			files = (
			);
			runOnlyForDeploymentPostprocessing = 0;
		};
/* End PBXFrameworksBuildPhase section */

/* Begin PBXGroup section */
		33AE08361B26DA81005A4A23 = {
			isa = PBXGroup;
			children = (
				EC03A0151CA80900000C3966 /* CVCalendar */,
				33AE08411B26DA81005A4A23 /* member'sCal */,
				33AE085A1B26DA82005A4A23 /* member'sCalTests */,
				33AE08401B26DA81005A4A23 /* Products */,
				5FE34C4D1C9C43A800927B03 /* 1.png */,
				5FCA8CE31CAB48CF007210D2 /* 2.png */,
				5FCA8CE71CAB5D7B007210D2 /* 3.png */,
				5FDB518A1CB5371500B1B56F /* chack.png */,
				5F7847A01CC35ABC00881634 /* plusButton.png */,
				5FE176BD1CC8406400ACE921 /* non.png */,
			);
			sourceTree = "<group>";
		};
		33AE08401B26DA81005A4A23 /* Products */ = {
			isa = PBXGroup;
			children = (
				33AE083F1B26DA81005A4A23 /* member'sCal.app */,
				33AE08571B26DA82005A4A23 /* member'sCalTests.xctest */,
			);
			name = Products;
			sourceTree = "<group>";
		};
		33AE08411B26DA81005A4A23 /* member'sCal */ = {
			isa = PBXGroup;
			children = (
				ECA739DC1CC53D0000B40154 /* Utility */,
				33AE084B1B26DA81005A4A23 /* Main.storyboard */,
				33AE08441B26DA81005A4A23 /* AppDelegate.swift */,
				5FF65B301C9E80C90039FDF4 /* CalViewController.swift */,
				5F2331961CC8F6890069FA94 /* CalViewBeansCollectionCell.swift */,
				5F2331981CC8FE670069FA94 /* CalViewBeansInTableViewToCell.swift */,
				5FF65B6C1C9ED95D0039FDF4 /* WorkTableViewCell.swift */,
				5FF65AF41C9E50110039FDF4 /* dayCell.swift */,
				5FCD876C1C9B7F3700988714 /* MemberPlus.swift */,
				5FE34C4B1C9C417600927B03 /* beansCell.swift */,
				33D942FE1B2DB023009D0E95 /* memberCenter.xib */,
				33D942F91B2DAFBF009D0E95 /* GenbaViewController.swift */,
				5FCA8CE11CA7E834007210D2 /* TodayMemberCell.swift */,
				5FCA8CDD1CA7E50B007210D2 /* SelectMemberCell.swift */,
				33D942FA1B2DAFBF009D0E95 /* GenbaViewController.xib */,
				33D942F61B2D9D7A009D0E95 /* GenbaCell.xib */,
				5F7847A21CC3927500881634 /* GenbaMakeViewController.swift */,
				5F81060E1CC4ED9200E09331 /* BeansEditTableView.swift */,
				5F8106121CC5EDB900E09331 /* BeansEditDetail.swift */,
				5F8106101CC4F11800E09331 /* BeansTableViewCell.swift */,
				5F23319A1CCB0ECF0069FA94 /* DayAndTimeCompare.swift */,
				33AE084E1B26DA81005A4A23 /* Images.xcassets */,
				33AE08501B26DA82005A4A23 /* LaunchScreen.xib */,
				33AE08461B26DA81005A4A23 /* member_sCal.xcdatamodeld */,
				33AE08421B26DA81005A4A23 /* Supporting Files */,
			);
			path = "member'sCal";
			sourceTree = "<group>";
		};
		33AE08421B26DA81005A4A23 /* Supporting Files */ = {
			isa = PBXGroup;
			children = (
				33AE08431B26DA81005A4A23 /* Info.plist */,
			);
			name = "Supporting Files";
			sourceTree = "<group>";
		};
		33AE085A1B26DA82005A4A23 /* member'sCalTests */ = {
			isa = PBXGroup;
			children = (
				33AE085D1B26DA82005A4A23 /* member_sCalTests.swift */,
				33AE085B1B26DA82005A4A23 /* Supporting Files */,
			);
			path = "member'sCalTests";
			sourceTree = "<group>";
		};
		33AE085B1B26DA82005A4A23 /* Supporting Files */ = {
			isa = PBXGroup;
			children = (
				33AE085C1B26DA82005A4A23 /* Info.plist */,
			);
			name = "Supporting Files";
			sourceTree = "<group>";
		};
		EC03A0151CA80900000C3966 /* CVCalendar */ = {
			isa = PBXGroup;
			children = (
				EC03A0161CA80922000C3966 /* CVAuxiliaryView.swift */,
				EC03A0171CA80922000C3966 /* CVCalendarContentViewController.swift */,
				EC03A0181CA80922000C3966 /* CVCalendarDayView.swift */,
				EC03A0191CA80922000C3966 /* CVCalendarDayViewControlCoordinator.swift */,
				EC03A01A1CA80922000C3966 /* CVCalendarManager.swift */,
				EC03A01B1CA80922000C3966 /* CVCalendarMenuView.swift */,
				EC03A01C1CA80922000C3966 /* CVCalendarMenuViewDelegate.swift */,
				EC03A01D1CA80922000C3966 /* CVCalendarMonthContentViewController.swift */,
				EC03A01E1CA80922000C3966 /* CVCalendarMonthView.swift */,
				EC03A01F1CA80922000C3966 /* CVCalendarTouchController.swift */,
				EC03A0201CA80922000C3966 /* CVCalendarView.swift */,
				EC03A0211CA80922000C3966 /* CVCalendarViewAnimator.swift */,
				EC03A0221CA80922000C3966 /* CVCalendarViewAnimatorDelegate.swift */,
				EC03A0231CA80922000C3966 /* CVCalendarViewAppearance.swift */,
				EC03A0241CA80922000C3966 /* CVCalendarViewAppearanceDelegate.swift */,
				EC03A0251CA80922000C3966 /* CVCalendarViewDelegate.swift */,
				EC03A0261CA80922000C3966 /* CVCalendarViewPresentationMode.swift */,
				EC03A0271CA80922000C3966 /* CVCalendarWeekContentViewController.swift */,
				EC03A0281CA80922000C3966 /* CVCalendarWeekday.swift */,
				EC03A0291CA80922000C3966 /* CVCalendarWeekView.swift */,
				EC03A02A1CA80922000C3966 /* CVDate.swift */,
				EC03A02B1CA80922000C3966 /* CVRange.swift */,
				EC03A02C1CA80922000C3966 /* CVScrollDirection.swift */,
				EC03A02D1CA80922000C3966 /* CVSelectionType.swift */,
				EC03A02E1CA80922000C3966 /* CVSet.swift */,
				EC03A02F1CA80922000C3966 /* CVShape.swift */,
				EC03A0301CA80922000C3966 /* CVWeekdaySymbolType.swift */,
			);
			name = CVCalendar;
			sourceTree = "<group>";
		};
		ECA739DC1CC53D0000B40154 /* Utility */ = {
			isa = PBXGroup;
			children = (
				ECA739E11CC53E3800B40154 /* Array+Ext.swift */,
				ECA739DD1CC53DC600B40154 /* UIColor+Ext.swift */,
				ECA739DE1CC53DC600B40154 /* UIDatePickerCustom.swift */,
			);
			name = Utility;
			sourceTree = "<group>";
		};
/* End PBXGroup section */

/* Begin PBXNativeTarget section */
		33AE083E1B26DA81005A4A23 /* member'sCal */ = {
			isa = PBXNativeTarget;
			buildConfigurationList = 33AE08611B26DA82005A4A23 /* Build configuration list for PBXNativeTarget "member'sCal" */;
			buildPhases = (
				33AE083B1B26DA81005A4A23 /* Sources */,
				33AE083C1B26DA81005A4A23 /* Frameworks */,
				33AE083D1B26DA81005A4A23 /* Resources */,
			);
			buildRules = (
			);
			dependencies = (
			);
			name = "member'sCal";
			productName = "member'sCal";
			productReference = 33AE083F1B26DA81005A4A23 /* member'sCal.app */;
			productType = "com.apple.product-type.application";
		};
		33AE08561B26DA82005A4A23 /* member'sCalTests */ = {
			isa = PBXNativeTarget;
			buildConfigurationList = 33AE08641B26DA82005A4A23 /* Build configuration list for PBXNativeTarget "member'sCalTests" */;
			buildPhases = (
				33AE08531B26DA82005A4A23 /* Sources */,
				33AE08541B26DA82005A4A23 /* Frameworks */,
				33AE08551B26DA82005A4A23 /* Resources */,
			);
			buildRules = (
			);
			dependencies = (
				33AE08591B26DA82005A4A23 /* PBXTargetDependency */,
			);
			name = "member'sCalTests";
			productName = "member'sCalTests";
			productReference = 33AE08571B26DA82005A4A23 /* member'sCalTests.xctest */;
			productType = "com.apple.product-type.bundle.unit-test";
		};
/* End PBXNativeTarget section */

/* Begin PBXProject section */
		33AE08371B26DA81005A4A23 /* Project object */ = {
			isa = PBXProject;
			attributes = {
				LastSwiftMigration = 0720;
				LastSwiftUpdateCheck = 0720;
				LastUpgradeCheck = 0630;
				ORGANIZATIONNAME = yoshidajumokui.llc;
				TargetAttributes = {
					33AE083E1B26DA81005A4A23 = {
						CreatedOnToolsVersion = 6.3.2;
						DevelopmentTeam = HWBY45P9ZY;
					};
					33AE08561B26DA82005A4A23 = {
						CreatedOnToolsVersion = 6.3.2;
						TestTargetID = 33AE083E1B26DA81005A4A23;
					};
				};
			};
			buildConfigurationList = 33AE083A1B26DA81005A4A23 /* Build configuration list for PBXProject "member'sCal" */;
			compatibilityVersion = "Xcode 3.2";
			developmentRegion = English;
			hasScannedForEncodings = 0;
			knownRegions = (
				en,
				Base,
			);
			mainGroup = 33AE08361B26DA81005A4A23;
			productRefGroup = 33AE08401B26DA81005A4A23 /* Products */;
			projectDirPath = "";
			projectRoot = "";
			targets = (
				33AE083E1B26DA81005A4A23 /* member'sCal */,
				33AE08561B26DA82005A4A23 /* member'sCalTests */,
			);
		};
/* End PBXProject section */

/* Begin PBXResourcesBuildPhase section */
		33AE083D1B26DA81005A4A23 /* Resources */ = {
			isa = PBXResourcesBuildPhase;
			buildActionMask = 2147483647;
			files = (
				33AE084D1B26DA81005A4A23 /* Main.storyboard in Resources */,
				5FE176BE1CC8406400ACE921 /* non.png in Resources */,
				5F7847A11CC35ABC00881634 /* plusButton.png in Resources */,
				5FCA8CE41CAB48CF007210D2 /* 2.png in Resources */,
				33AE08521B26DA82005A4A23 /* LaunchScreen.xib in Resources */,
				5FDB518B1CB5371500B1B56F /* chack.png in Resources */,
				33AE084F1B26DA81005A4A23 /* Images.xcassets in Resources */,
				33D942F81B2D9D7A009D0E95 /* GenbaCell.xib in Resources */,
				33D943001B2DB023009D0E95 /* memberCenter.xib in Resources */,
				5FE34C4E1C9C43A800927B03 /* 1.png in Resources */,
				5FCA8CE81CAB5D7B007210D2 /* 3.png in Resources */,
				33D942FC1B2DAFBF009D0E95 /* GenbaViewController.xib in Resources */,
			);
			runOnlyForDeploymentPostprocessing = 0;
		};
		33AE08551B26DA82005A4A23 /* Resources */ = {
			isa = PBXResourcesBuildPhase;
			buildActionMask = 2147483647;
			files = (
			);
			runOnlyForDeploymentPostprocessing = 0;
		};
/* End PBXResourcesBuildPhase section */

/* Begin PBXSourcesBuildPhase section */
		33AE083B1B26DA81005A4A23 /* Sources */ = {
			isa = PBXSourcesBuildPhase;
			buildActionMask = 2147483647;
			files = (
				EC03A0381CA80922000C3966 /* CVCalendarMonthContentViewController.swift in Sources */,
				EC03A0371CA80922000C3966 /* CVCalendarMenuViewDelegate.swift in Sources */,
				EC03A03A1CA80922000C3966 /* CVCalendarTouchController.swift in Sources */,
				EC03A0431CA80922000C3966 /* CVCalendarWeekday.swift in Sources */,
				EC03A03F1CA80922000C3966 /* CVCalendarViewAppearanceDelegate.swift in Sources */,
				EC03A0471CA80922000C3966 /* CVScrollDirection.swift in Sources */,
				5FCA8CDE1CA7E50B007210D2 /* SelectMemberCell.swift in Sources */,
				5FF65B311C9E80C90039FDF4 /* CalViewController.swift in Sources */,
				EC03A0491CA80922000C3966 /* CVSet.swift in Sources */,
				EC03A0481CA80922000C3966 /* CVSelectionType.swift in Sources */,
				5F2331971CC8F6890069FA94 /* CalViewBeansCollectionCell.swift in Sources */,
				5FF65B6D1C9ED95D0039FDF4 /* WorkTableViewCell.swift in Sources */,
				EC03A0411CA80922000C3966 /* CVCalendarViewPresentationMode.swift in Sources */,
				EC03A0361CA80922000C3966 /* CVCalendarMenuView.swift in Sources */,
				EC03A03C1CA80922000C3966 /* CVCalendarViewAnimator.swift in Sources */,
				EC03A0331CA80922000C3966 /* CVCalendarDayView.swift in Sources */,
				EC03A0441CA80922000C3966 /* CVCalendarWeekView.swift in Sources */,
				ECA739E21CC53E3800B40154 /* Array+Ext.swift in Sources */,
				EC03A0341CA80922000C3966 /* CVCalendarDayViewControlCoordinator.swift in Sources */,
				EC03A0351CA80922000C3966 /* CVCalendarManager.swift in Sources */,
				EC03A03B1CA80922000C3966 /* CVCalendarView.swift in Sources */,
				33AE08481B26DA81005A4A23 /* member_sCal.xcdatamodeld in Sources */,
				ECA739DF1CC53DC600B40154 /* UIColor+Ext.swift in Sources */,
				EC03A0451CA80922000C3966 /* CVDate.swift in Sources */,
				EC03A03D1CA80922000C3966 /* CVCalendarViewAnimatorDelegate.swift in Sources */,
				EC03A0421CA80922000C3966 /* CVCalendarWeekContentViewController.swift in Sources */,
				5F2331991CC8FE670069FA94 /* CalViewBeansInTableViewToCell.swift in Sources */,
				EC03A0391CA80922000C3966 /* CVCalendarMonthView.swift in Sources */,
				EC03A0461CA80922000C3966 /* CVRange.swift in Sources */,
				5FF65AF51C9E50110039FDF4 /* dayCell.swift in Sources */,
				5F8106111CC4F11800E09331 /* BeansTableViewCell.swift in Sources */,
				EC03A0311CA80922000C3966 /* CVAuxiliaryView.swift in Sources */,
				ECA739E01CC53DC600B40154 /* UIDatePickerCustom.swift in Sources */,
				5F81060F1CC4ED9200E09331 /* BeansEditTableView.swift in Sources */,
				EC03A04A1CA80922000C3966 /* CVShape.swift in Sources */,
				5FCD876D1C9B7F3700988714 /* MemberPlus.swift in Sources */,
				5FE34C4C1C9C417600927B03 /* beansCell.swift in Sources */,
				5F8106131CC5EDB900E09331 /* BeansEditDetail.swift in Sources */,
				EC03A0321CA80922000C3966 /* CVCalendarContentViewController.swift in Sources */,
				33AE08451B26DA81005A4A23 /* AppDelegate.swift in Sources */,
				5F23319B1CCB0ECF0069FA94 /* DayAndTimeCompare.swift in Sources */,
				5FCA8CE21CA7E834007210D2 /* TodayMemberCell.swift in Sources */,
				EC03A0401CA80922000C3966 /* CVCalendarViewDelegate.swift in Sources */,
				33D942FB1B2DAFBF009D0E95 /* GenbaViewController.swift in Sources */,
				5F7847A31CC3927500881634 /* GenbaMakeViewController.swift in Sources */,
				EC03A04B1CA80922000C3966 /* CVWeekdaySymbolType.swift in Sources */,
				EC03A03E1CA80922000C3966 /* CVCalendarViewAppearance.swift in Sources */,
			);
			runOnlyForDeploymentPostprocessing = 0;
		};
		33AE08531B26DA82005A4A23 /* Sources */ = {
			isa = PBXSourcesBuildPhase;
			buildActionMask = 2147483647;
			files = (
				33AE085E1B26DA82005A4A23 /* member_sCalTests.swift in Sources */,
			);
			runOnlyForDeploymentPostprocessing = 0;
		};
/* End PBXSourcesBuildPhase section */

/* Begin PBXTargetDependency section */
		33AE08591B26DA82005A4A23 /* PBXTargetDependency */ = {
			isa = PBXTargetDependency;
			target = 33AE083E1B26DA81005A4A23 /* member'sCal */;
			targetProxy = 33AE08581B26DA82005A4A23 /* PBXContainerItemProxy */;
		};
/* End PBXTargetDependency section */

/* Begin PBXVariantGroup section */
		33AE084B1B26DA81005A4A23 /* Main.storyboard */ = {
			isa = PBXVariantGroup;
			children = (
				33AE084C1B26DA81005A4A23 /* Base */,
			);
			name = Main.storyboard;
			sourceTree = "<group>";
		};
		33AE08501B26DA82005A4A23 /* LaunchScreen.xib */ = {
			isa = PBXVariantGroup;
			children = (
				33AE08511B26DA82005A4A23 /* Base */,
			);
			name = LaunchScreen.xib;
			sourceTree = "<group>";
		};
/* End PBXVariantGroup section */

/* Begin XCBuildConfiguration section */
		33AE085F1B26DA82005A4A23 /* Debug */ = {
			isa = XCBuildConfiguration;
			buildSettings = {
				ALWAYS_SEARCH_USER_PATHS = NO;
				CLANG_CXX_LANGUAGE_STANDARD = "gnu++0x";
				CLANG_CXX_LIBRARY = "libc++";
				CLANG_ENABLE_MODULES = YES;
				CLANG_ENABLE_OBJC_ARC = YES;
				CLANG_WARN_BOOL_CONVERSION = YES;
				CLANG_WARN_CONSTANT_CONVERSION = YES;
				CLANG_WARN_DIRECT_OBJC_ISA_USAGE = YES_ERROR;
				CLANG_WARN_EMPTY_BODY = YES;
				CLANG_WARN_ENUM_CONVERSION = YES;
				CLANG_WARN_INT_CONVERSION = YES;
				CLANG_WARN_OBJC_ROOT_CLASS = YES_ERROR;
				CLANG_WARN_UNREACHABLE_CODE = YES;
				CLANG_WARN__DUPLICATE_METHOD_MATCH = YES;
				"CODE_SIGN_IDENTITY[sdk=iphoneos*]" = "iPhone Developer";
				COPY_PHASE_STRIP = NO;
				DEBUG_INFORMATION_FORMAT = "dwarf-with-dsym";
				ENABLE_STRICT_OBJC_MSGSEND = YES;
				GCC_C_LANGUAGE_STANDARD = gnu99;
				GCC_DYNAMIC_NO_PIC = NO;
				GCC_NO_COMMON_BLOCKS = YES;
				GCC_OPTIMIZATION_LEVEL = 0;
				GCC_PREPROCESSOR_DEFINITIONS = (
					"DEBUG=1",
					"$(inherited)",
				);
				GCC_SYMBOLS_PRIVATE_EXTERN = NO;
				GCC_WARN_64_TO_32_BIT_CONVERSION = YES;
				GCC_WARN_ABOUT_RETURN_TYPE = YES_ERROR;
				GCC_WARN_UNDECLARED_SELECTOR = YES;
				GCC_WARN_UNINITIALIZED_AUTOS = YES_AGGRESSIVE;
				GCC_WARN_UNUSED_FUNCTION = YES;
				GCC_WARN_UNUSED_VARIABLE = YES;
				IPHONEOS_DEPLOYMENT_TARGET = 8.3;
				MTL_ENABLE_DEBUG_INFO = YES;
				ONLY_ACTIVE_ARCH = YES;
				SDKROOT = iphoneos;
				SWIFT_OPTIMIZATION_LEVEL = "-Onone";
			};
			name = Debug;
		};
		33AE08601B26DA82005A4A23 /* Release */ = {
			isa = XCBuildConfiguration;
			buildSettings = {
				ALWAYS_SEARCH_USER_PATHS = NO;
				CLANG_CXX_LANGUAGE_STANDARD = "gnu++0x";
				CLANG_CXX_LIBRARY = "libc++";
				CLANG_ENABLE_MODULES = YES;
				CLANG_ENABLE_OBJC_ARC = YES;
				CLANG_WARN_BOOL_CONVERSION = YES;
				CLANG_WARN_CONSTANT_CONVERSION = YES;
				CLANG_WARN_DIRECT_OBJC_ISA_USAGE = YES_ERROR;
				CLANG_WARN_EMPTY_BODY = YES;
				CLANG_WARN_ENUM_CONVERSION = YES;
				CLANG_WARN_INT_CONVERSION = YES;
				CLANG_WARN_OBJC_ROOT_CLASS = YES_ERROR;
				CLANG_WARN_UNREACHABLE_CODE = YES;
				CLANG_WARN__DUPLICATE_METHOD_MATCH = YES;
				"CODE_SIGN_IDENTITY[sdk=iphoneos*]" = "iPhone Developer";
				COPY_PHASE_STRIP = NO;
				DEBUG_INFORMATION_FORMAT = "dwarf-with-dsym";
				ENABLE_NS_ASSERTIONS = NO;
				ENABLE_STRICT_OBJC_MSGSEND = YES;
				GCC_C_LANGUAGE_STANDARD = gnu99;
				GCC_NO_COMMON_BLOCKS = YES;
				GCC_WARN_64_TO_32_BIT_CONVERSION = YES;
				GCC_WARN_ABOUT_RETURN_TYPE = YES_ERROR;
				GCC_WARN_UNDECLARED_SELECTOR = YES;
				GCC_WARN_UNINITIALIZED_AUTOS = YES_AGGRESSIVE;
				GCC_WARN_UNUSED_FUNCTION = YES;
				GCC_WARN_UNUSED_VARIABLE = YES;
				IPHONEOS_DEPLOYMENT_TARGET = 8.3;
				MTL_ENABLE_DEBUG_INFO = NO;
				SDKROOT = iphoneos;
				VALIDATE_PRODUCT = YES;
			};
			name = Release;
		};
		33AE08621B26DA82005A4A23 /* Debug */ = {
			isa = XCBuildConfiguration;
			buildSettings = {
				ASSETCATALOG_COMPILER_APPICON_NAME = AppIcon;
				CODE_SIGN_IDENTITY = "iPhone Developer";
				"CODE_SIGN_IDENTITY[sdk=iphoneos*]" = "iPhone Developer";
				INFOPLIST_FILE = "member'sCal/Info.plist";
				IPHONEOS_DEPLOYMENT_TARGET = 9.0;
				LD_RUNPATH_SEARCH_PATHS = "$(inherited) @executable_path/Frameworks";
				PRODUCT_NAME = "$(TARGET_NAME)";
				PROVISIONING_PROFILE = "";
			};
			name = Debug;
		};
		33AE08631B26DA82005A4A23 /* Release */ = {
			isa = XCBuildConfiguration;
			buildSettings = {
				ASSETCATALOG_COMPILER_APPICON_NAME = AppIcon;
				CODE_SIGN_IDENTITY = "iPhone Developer";
				"CODE_SIGN_IDENTITY[sdk=iphoneos*]" = "iPhone Developer";
				INFOPLIST_FILE = "member'sCal/Info.plist";
				IPHONEOS_DEPLOYMENT_TARGET = 9.0;
				LD_RUNPATH_SEARCH_PATHS = "$(inherited) @executable_path/Frameworks";
				PRODUCT_NAME = "$(TARGET_NAME)";
				PROVISIONING_PROFILE = "";
			};
			name = Release;
		};
		33AE08651B26DA82005A4A23 /* Debug */ = {
			isa = XCBuildConfiguration;
			buildSettings = {
				BUNDLE_LOADER = "$(TEST_HOST)";
				FRAMEWORK_SEARCH_PATHS = (
					"$(SDKROOT)/Developer/Library/Frameworks",
					"$(inherited)",
				);
				GCC_PREPROCESSOR_DEFINITIONS = (
					"DEBUG=1",
					"$(inherited)",
				);
				INFOPLIST_FILE = "member'sCalTests/Info.plist";
				LD_RUNPATH_SEARCH_PATHS = "$(inherited) @executable_path/Frameworks @loader_path/Frameworks";
				PRODUCT_NAME = "$(TARGET_NAME)";
				TEST_HOST = "$(BUILT_PRODUCTS_DIR)/member'sCal.app/member'sCal";
			};
			name = Debug;
		};
		33AE08661B26DA82005A4A23 /* Release */ = {
			isa = XCBuildConfiguration;
			buildSettings = {
				BUNDLE_LOADER = "$(TEST_HOST)";
				FRAMEWORK_SEARCH_PATHS = (
					"$(SDKROOT)/Developer/Library/Frameworks",
					"$(inherited)",
				);
				INFOPLIST_FILE = "member'sCalTests/Info.plist";
				LD_RUNPATH_SEARCH_PATHS = "$(inherited) @executable_path/Frameworks @loader_path/Frameworks";
				PRODUCT_NAME = "$(TARGET_NAME)";
				TEST_HOST = "$(BUILT_PRODUCTS_DIR)/member'sCal.app/member'sCal";
			};
			name = Release;
		};
/* End XCBuildConfiguration section */

/* Begin XCConfigurationList section */
		33AE083A1B26DA81005A4A23 /* Build configuration list for PBXProject "member'sCal" */ = {
			isa = XCConfigurationList;
			buildConfigurations = (
				33AE085F1B26DA82005A4A23 /* Debug */,
				33AE08601B26DA82005A4A23 /* Release */,
			);
			defaultConfigurationIsVisible = 0;
			defaultConfigurationName = Release;
		};
		33AE08611B26DA82005A4A23 /* Build configuration list for PBXNativeTarget "member'sCal" */ = {
			isa = XCConfigurationList;
			buildConfigurations = (
				33AE08621B26DA82005A4A23 /* Debug */,
				33AE08631B26DA82005A4A23 /* Release */,
			);
			defaultConfigurationIsVisible = 0;
			defaultConfigurationName = Release;
		};
		33AE08641B26DA82005A4A23 /* Build configuration list for PBXNativeTarget "member'sCalTests" */ = {
			isa = XCConfigurationList;
			buildConfigurations = (
				33AE08651B26DA82005A4A23 /* Debug */,
				33AE08661B26DA82005A4A23 /* Release */,
			);
			defaultConfigurationIsVisible = 0;
			defaultConfigurationName = Release;
		};
/* End XCConfigurationList section */

/* Begin XCVersionGroup section */
		33AE08461B26DA81005A4A23 /* member_sCal.xcdatamodeld */ = {
			isa = XCVersionGroup;
			children = (
				33AE08471B26DA81005A4A23 /* member_sCal.xcdatamodel */,
			);
			currentVersion = 33AE08471B26DA81005A4A23 /* member_sCal.xcdatamodel */;
			path = member_sCal.xcdatamodeld;
			sourceTree = "<group>";
			versionGroupType = wrapper.xcdatamodel;
		};
/* End XCVersionGroup section */
	};
	rootObject = 33AE08371B26DA81005A4A23 /* Project object */;
}
